# This file was autogenerated by Juvix version 0.6.6.
# Do not edit this file manually.

version: 2
checksum: 4878990bc552aaa04121eb9c6f55b15613da6becc2c9f610ee79a70d37710874
dependencies:
- git:
    name: anoma_juvix-stdlib
    ref: 17a82dd466010b51924677b16a3f09a6c4c86a80
    url: https://github.com/anoma/juvix-stdlib
  dependencies: []
- git:
    name: anoma_juvix-containers
    ref: cd326e035b61b965e920270ad33991e53e39afc7
    url: https://github.com/anoma/juvix-containers
  dependencies:
  - git:
      name: anoma_juvix-stdlib
      ref: 17a82dd466010b51924677b16a3f09a6c4c86a80
      url: https://github.com/anoma/juvix-stdlib
    dependencies: []
