# This file was autogenerated by Juvix version 0.6.4.
# Do not edit this file manually.

version: 2
checksum: e2a9512af71e7848707c18960133198131c7737f5696736dd035d800e4b0cfa6
dependencies:
- git:
    name: anoma_juvix-stdlib
    ref: 16211500dc59a944f851fbaeeef703fdd09163fa
    url: https://github.com/anoma/juvix-stdlib
  dependencies: []
- git:
    name: anoma_juvix-containers
    ref: 186227a0130cca2e2710155b7bbcd8d957d72e68
    url: https://github.com/anoma/juvix-containers
  dependencies:
  - git:
      name: anoma_juvix-stdlib
      ref: 16211500dc59a944f851fbaeeef703fdd09163fa
      url: https://github.com/anoma/juvix-stdlib
    dependencies: []
